// !$*UTF8*$!
{
	archiveVersion = 1;
	classes = {
	};
	objectVersion = 56;
	objects = {

/* Begin PBXBuildFile section */
		263A6E162C46BAD400830CD5 /* Bili_SwiftApp.swift in Sources */ = {isa = PBXBuildFile; fileRef = 263A6E152C46BAD400830CD5 /* Bili_SwiftApp.swift */; };
		263A6E182C46BAD400830CD5 /* ContentView.swift in Sources */ = {isa = PBXBuildFile; fileRef = 263A6E172C46BAD400830CD5 /* ContentView.swift */; };
		263A6E1A2C46BAD600830CD5 /* Assets.xcassets in Resources */ = {isa = PBXBuildFile; fileRef = 263A6E192C46BAD600830CD5 /* Assets.xcassets */; };
		263A6E1E2C46BAD600830CD5 /* Preview Assets.xcassets in Resources */ = {isa = PBXBuildFile; fileRef = 263A6E1D2C46BAD600830CD5 /* Preview Assets.xcassets */; };
		263A6E262C46BB0100830CD5 /* Alamofire in Frameworks */ = {isa = PBXBuildFile; productRef = 263A6E252C46BB0100830CD5 /* Alamofire */; };
		263A6E292C46BB2500830CD5 /* SwiftUtils in Frameworks */ = {isa = PBXBuildFile; productRef = 263A6E282C46BB2500830CD5 /* SwiftUtils */; };
		263A6E312C46C14100830CD5 /* SettingView.swift in Sources */ = {isa = PBXBuildFile; fileRef = 263A6E302C46C14100830CD5 /* SettingView.swift */; };
		263A6E332C46C49E00830CD5 /* UserView.swift in Sources */ = {isa = PBXBuildFile; fileRef = 263A6E322C46C49E00830CD5 /* UserView.swift */; };
		263A6E352C473A5800830CD5 /* LoginView.swift in Sources */ = {isa = PBXBuildFile; fileRef = 263A6E342C473A5800830CD5 /* LoginView.swift */; };
		263A6E372C473D7100830CD5 /* LoginService.swift in Sources */ = {isa = PBXBuildFile; fileRef = 263A6E362C473D7100830CD5 /* LoginService.swift */; };
		263A6E392C473DA200830CD5 /* LoginModel.swift in Sources */ = {isa = PBXBuildFile; fileRef = 263A6E382C473DA200830CD5 /* LoginModel.swift */; };
		263A6E3B2C47437200830CD5 /* AppService.swift in Sources */ = {isa = PBXBuildFile; fileRef = 263A6E3A2C47437200830CD5 /* AppService.swift */; };
		263A6E3D2C48060B00830CD5 /* UserService.swift in Sources */ = {isa = PBXBuildFile; fileRef = 263A6E3C2C48060B00830CD5 /* UserService.swift */; };
		263A6E3F2C4808DC00830CD5 /* UserModel.swift in Sources */ = {isa = PBXBuildFile; fileRef = 263A6E3E2C4808DC00830CD5 /* UserModel.swift */; };
		263A6E422C48232700830CD5 /* CheckinService.swift in Sources */ = {isa = PBXBuildFile; fileRef = 263A6E412C48232700830CD5 /* CheckinService.swift */; };
		263A6E442C48235000830CD5 /* CheckinModel.swift in Sources */ = {isa = PBXBuildFile; fileRef = 263A6E432C48235000830CD5 /* CheckinModel.swift */; };
		263A6E462C48238B00830CD5 /* CheckinView.swift in Sources */ = {isa = PBXBuildFile; fileRef = 263A6E452C48238B00830CD5 /* CheckinView.swift */; };
/* End PBXBuildFile section */

/* Begin PBXFileReference section */
		263A6E122C46BAD400830CD5 /* Bili-Swift.app */ = {isa = PBXFileReference; explicitFileType = wrapper.application; includeInIndex = 0; path = "Bili-Swift.app"; sourceTree = BUILT_PRODUCTS_DIR; };
		263A6E152C46BAD400830CD5 /* Bili_SwiftApp.swift */ = {isa = PBXFileReference; lastKnownFileType = sourcecode.swift; path = Bili_SwiftApp.swift; sourceTree = "<group>"; };
		263A6E172C46BAD400830CD5 /* ContentView.swift */ = {isa = PBXFileReference; lastKnownFileType = sourcecode.swift; path = ContentView.swift; sourceTree = "<group>"; };
		263A6E192C46BAD600830CD5 /* Assets.xcassets */ = {isa = PBXFileReference; lastKnownFileType = folder.assetcatalog; path = Assets.xcassets; sourceTree = "<group>"; };
		263A6E1B2C46BAD600830CD5 /* Bili_Swift.entitlements */ = {isa = PBXFileReference; lastKnownFileType = text.plist.entitlements; path = Bili_Swift.entitlements; sourceTree = "<group>"; };
		263A6E1D2C46BAD600830CD5 /* Preview Assets.xcassets */ = {isa = PBXFileReference; lastKnownFileType = folder.assetcatalog; path = "Preview Assets.xcassets"; sourceTree = "<group>"; };
		263A6E302C46C14100830CD5 /* SettingView.swift */ = {isa = PBXFileReference; lastKnownFileType = sourcecode.swift; path = SettingView.swift; sourceTree = "<group>"; };
		263A6E322C46C49E00830CD5 /* UserView.swift */ = {isa = PBXFileReference; lastKnownFileType = sourcecode.swift; path = UserView.swift; sourceTree = "<group>"; };
		263A6E342C473A5800830CD5 /* LoginView.swift */ = {isa = PBXFileReference; lastKnownFileType = sourcecode.swift; path = LoginView.swift; sourceTree = "<group>"; };
		263A6E362C473D7100830CD5 /* LoginService.swift */ = {isa = PBXFileReference; lastKnownFileType = sourcecode.swift; path = LoginService.swift; sourceTree = "<group>"; };
		263A6E382C473DA200830CD5 /* LoginModel.swift */ = {isa = PBXFileReference; lastKnownFileType = sourcecode.swift; path = LoginModel.swift; sourceTree = "<group>"; };
		263A6E3A2C47437200830CD5 /* AppService.swift */ = {isa = PBXFileReference; lastKnownFileType = sourcecode.swift; path = AppService.swift; sourceTree = "<group>"; };
		263A6E3C2C48060B00830CD5 /* UserService.swift */ = {isa = PBXFileReference; fileEncoding = 4; lastKnownFileType = sourcecode.swift; path = UserService.swift; sourceTree = "<group>"; };
		263A6E3E2C4808DC00830CD5 /* UserModel.swift */ = {isa = PBXFileReference; lastKnownFileType = sourcecode.swift; path = UserModel.swift; sourceTree = "<group>"; };
		263A6E402C480E8500830CD5 /* Info.plist */ = {isa = PBXFileReference; lastKnownFileType = text.plist; path = Info.plist; sourceTree = "<group>"; };
		263A6E412C48232700830CD5 /* CheckinService.swift */ = {isa = PBXFileReference; lastKnownFileType = sourcecode.swift; path = CheckinService.swift; sourceTree = "<group>"; };
		263A6E432C48235000830CD5 /* CheckinModel.swift */ = {isa = PBXFileReference; lastKnownFileType = sourcecode.swift; path = CheckinModel.swift; sourceTree = "<group>"; };
		263A6E452C48238B00830CD5 /* CheckinView.swift */ = {isa = PBXFileReference; lastKnownFileType = sourcecode.swift; path = CheckinView.swift; sourceTree = "<group>"; };
/* End PBXFileReference section */

/* Begin PBXFrameworksBuildPhase section */
		263A6E0F2C46BAD400830CD5 /* Frameworks */ = {
			isa = PBXFrameworksBuildPhase;
			buildActionMask = 2147483647;
			files = (
				263A6E292C46BB2500830CD5 /* SwiftUtils in Frameworks */,
				263A6E262C46BB0100830CD5 /* Alamofire in Frameworks */,
			);
			runOnlyForDeploymentPostprocessing = 0;
		};
/* End PBXFrameworksBuildPhase section */

/* Begin PBXGroup section */
		263A6E092C46BAD400830CD5 = {
			isa = PBXGroup;
			children = (
				263A6E142C46BAD400830CD5 /* Bili-Swift */,
				263A6E132C46BAD400830CD5 /* Products */,
			);
			sourceTree = "<group>";
		};
		263A6E132C46BAD400830CD5 /* Products */ = {
			isa = PBXGroup;
			children = (
				263A6E122C46BAD400830CD5 /* Bili-Swift.app */,
			);
			name = Products;
			sourceTree = "<group>";
		};
		263A6E142C46BAD400830CD5 /* Bili-Swift */ = {
			isa = PBXGroup;
			children = (
				263A6E402C480E8500830CD5 /* Info.plist */,
				263A6E2F2C46C13000830CD5 /* Models */,
				263A6E2E2C46C12600830CD5 /* Services */,
				263A6E2D2C46C12000830CD5 /* Views */,
				263A6E152C46BAD400830CD5 /* Bili_SwiftApp.swift */,
				263A6E172C46BAD400830CD5 /* ContentView.swift */,
				263A6E192C46BAD600830CD5 /* Assets.xcassets */,
				263A6E1B2C46BAD600830CD5 /* Bili_Swift.entitlements */,
				263A6E1C2C46BAD600830CD5 /* Preview Content */,
			);
			path = "Bili-Swift";
			sourceTree = "<group>";
		};
		263A6E1C2C46BAD600830CD5 /* Preview Content */ = {
			isa = PBXGroup;
			children = (
				263A6E1D2C46BAD600830CD5 /* Preview Assets.xcassets */,
			);
			path = "Preview Content";
			sourceTree = "<group>";
		};
		263A6E2D2C46C12000830CD5 /* Views */ = {
			isa = PBXGroup;
			children = (
				263A6E302C46C14100830CD5 /* SettingView.swift */,
				263A6E322C46C49E00830CD5 /* UserView.swift */,
				263A6E342C473A5800830CD5 /* LoginView.swift */,
				263A6E452C48238B00830CD5 /* CheckinView.swift */,
			);
			path = Views;
			sourceTree = "<group>";
		};
		263A6E2E2C46C12600830CD5 /* Services */ = {
			isa = PBXGroup;
			children = (
				263A6E3C2C48060B00830CD5 /* UserService.swift */,
				263A6E362C473D7100830CD5 /* LoginService.swift */,
				263A6E3A2C47437200830CD5 /* AppService.swift */,
				263A6E412C48232700830CD5 /* CheckinService.swift */,
			);
			path = Services;
			sourceTree = "<group>";
		};
		263A6E2F2C46C13000830CD5 /* Models */ = {
			isa = PBXGroup;
			children = (
				263A6E382C473DA200830CD5 /* LoginModel.swift */,
				263A6E3E2C4808DC00830CD5 /* UserModel.swift */,
				263A6E432C48235000830CD5 /* CheckinModel.swift */,
			);
			path = Models;
			sourceTree = "<group>";
		};
/* End PBXGroup section */

/* Begin PBXNativeTarget section */
		263A6E112C46BAD400830CD5 /* Bili-Swift */ = {
			isa = PBXNativeTarget;
			buildConfigurationList = 263A6E212C46BAD600830CD5 /* Build configuration list for PBXNativeTarget "Bili-Swift" */;
			buildPhases = (
				263A6E0E2C46BAD400830CD5 /* Sources */,
				263A6E0F2C46BAD400830CD5 /* Frameworks */,
				263A6E102C46BAD400830CD5 /* Resources */,
			);
			buildRules = (
			);
			dependencies = (
			);
			name = "Bili-Swift";
			packageProductDependencies = (
				263A6E252C46BB0100830CD5 /* Alamofire */,
				263A6E282C46BB2500830CD5 /* SwiftUtils */,
			);
			productName = "Bili-Swift";
			productReference = 263A6E122C46BAD400830CD5 /* Bili-Swift.app */;
			productType = "com.apple.product-type.application";
		};
/* End PBXNativeTarget section */

/* Begin PBXProject section */
		263A6E0A2C46BAD400830CD5 /* Project object */ = {
			isa = PBXProject;
			attributes = {
				BuildIndependentTargetsInParallel = 1;
				LastSwiftUpdateCheck = 1540;
				LastUpgradeCheck = 1540;
				TargetAttributes = {
					263A6E112C46BAD400830CD5 = {
						CreatedOnToolsVersion = 15.4;
					};
				};
			};
			buildConfigurationList = 263A6E0D2C46BAD400830CD5 /* Build configuration list for PBXProject "Bili-Swift" */;
			compatibilityVersion = "Xcode 14.0";
			developmentRegion = en;
			hasScannedForEncodings = 0;
			knownRegions = (
				en,
				Base,
			);
			mainGroup = 263A6E092C46BAD400830CD5;
			packageReferences = (
				263A6E242C46BB0100830CD5 /* XCRemoteSwiftPackageReference "Alamofire" */,
				263A6E272C46BB2500830CD5 /* XCRemoteSwiftPackageReference "SwiftUtils" */,
			);
			productRefGroup = 263A6E132C46BAD400830CD5 /* Products */;
			projectDirPath = "";
			projectRoot = "";
			targets = (
				263A6E112C46BAD400830CD5 /* Bili-Swift */,
			);
		};
/* End PBXProject section */

/* Begin PBXResourcesBuildPhase section */
		263A6E102C46BAD400830CD5 /* Resources */ = {
			isa = PBXResourcesBuildPhase;
			buildActionMask = 2147483647;
			files = (
				263A6E1E2C46BAD600830CD5 /* Preview Assets.xcassets in Resources */,
				263A6E1A2C46BAD600830CD5 /* Assets.xcassets in Resources */,
			);
			runOnlyForDeploymentPostprocessing = 0;
		};
/* End PBXResourcesBuildPhase section */

/* Begin PBXSourcesBuildPhase section */
		263A6E0E2C46BAD400830CD5 /* Sources */ = {
			isa = PBXSourcesBuildPhase;
			buildActionMask = 2147483647;
			files = (
				263A6E312C46C14100830CD5 /* SettingView.swift in Sources */,
				263A6E392C473DA200830CD5 /* LoginModel.swift in Sources */,
				263A6E3D2C48060B00830CD5 /* UserService.swift in Sources */,
				263A6E372C473D7100830CD5 /* LoginService.swift in Sources */,
				263A6E182C46BAD400830CD5 /* ContentView.swift in Sources */,
				263A6E162C46BAD400830CD5 /* Bili_SwiftApp.swift in Sources */,
				263A6E3B2C47437200830CD5 /* AppService.swift in Sources */,
				263A6E352C473A5800830CD5 /* LoginView.swift in Sources */,
				263A6E422C48232700830CD5 /* CheckinService.swift in Sources */,
				263A6E3F2C4808DC00830CD5 /* UserModel.swift in Sources */,
				263A6E462C48238B00830CD5 /* CheckinView.swift in Sources */,
				263A6E332C46C49E00830CD5 /* UserView.swift in Sources */,
				263A6E442C48235000830CD5 /* CheckinModel.swift in Sources */,
			);
			runOnlyForDeploymentPostprocessing = 0;
		};
/* End PBXSourcesBuildPhase section */

/* Begin XCBuildConfiguration section */
		263A6E1F2C46BAD600830CD5 /* Debug */ = {
			isa = XCBuildConfiguration;
			buildSettings = {
				ALWAYS_SEARCH_USER_PATHS = NO;
				ASSETCATALOG_COMPILER_GENERATE_SWIFT_ASSET_SYMBOL_EXTENSIONS = YES;
				CLANG_ANALYZER_NONNULL = YES;
				CLANG_ANALYZER_NUMBER_OBJECT_CONVERSION = YES_AGGRESSIVE;
				CLANG_CXX_LANGUAGE_STANDARD = "gnu++20";
				CLANG_ENABLE_MODULES = YES;
				CLANG_ENABLE_OBJC_ARC = YES;
				CLANG_ENABLE_OBJC_WEAK = YES;
				CLANG_WARN_BLOCK_CAPTURE_AUTORELEASING = YES;
				CLANG_WARN_BOOL_CONVERSION = YES;
				CLANG_WARN_COMMA = YES;
				CLANG_WARN_CONSTANT_CONVERSION = YES;
				CLANG_WARN_DEPRECATED_OBJC_IMPLEMENTATIONS = YES;
				CLANG_WARN_DIRECT_OBJC_ISA_USAGE = YES_ERROR;
				CLANG_WARN_DOCUMENTATION_COMMENTS = YES;
				CLANG_WARN_EMPTY_BODY = YES;
				CLANG_WARN_ENUM_CONVERSION = YES;
				CLANG_WARN_INFINITE_RECURSION = YES;
				CLANG_WARN_INT_CONVERSION = YES;
				CLANG_WARN_NON_LITERAL_NULL_CONVERSION = YES;
				CLANG_WARN_OBJC_IMPLICIT_RETAIN_SELF = YES;
				CLANG_WARN_OBJC_LITERAL_CONVERSION = YES;
				CLANG_WARN_OBJC_ROOT_CLASS = YES_ERROR;
				CLANG_WARN_QUOTED_INCLUDE_IN_FRAMEWORK_HEADER = YES;
				CLANG_WARN_RANGE_LOOP_ANALYSIS = YES;
				CLANG_WARN_STRICT_PROTOTYPES = YES;
				CLANG_WARN_SUSPICIOUS_MOVE = YES;
				CLANG_WARN_UNGUARDED_AVAILABILITY = YES_AGGRESSIVE;
				CLANG_WARN_UNREACHABLE_CODE = YES;
				CLANG_WARN__DUPLICATE_METHOD_MATCH = YES;
				COPY_PHASE_STRIP = NO;
				DEBUG_INFORMATION_FORMAT = dwarf;
				ENABLE_STRICT_OBJC_MSGSEND = YES;
				ENABLE_TESTABILITY = YES;
				ENABLE_USER_SCRIPT_SANDBOXING = YES;
				GCC_C_LANGUAGE_STANDARD = gnu17;
				GCC_DYNAMIC_NO_PIC = NO;
				GCC_NO_COMMON_BLOCKS = YES;
				GCC_OPTIMIZATION_LEVEL = 0;
				GCC_PREPROCESSOR_DEFINITIONS = (
					"DEBUG=1",
					"$(inherited)",
				);
				GCC_WARN_64_TO_32_BIT_CONVERSION = YES;
				GCC_WARN_ABOUT_RETURN_TYPE = YES_ERROR;
				GCC_WARN_UNDECLARED_SELECTOR = YES;
				GCC_WARN_UNINITIALIZED_AUTOS = YES_AGGRESSIVE;
				GCC_WARN_UNUSED_FUNCTION = YES;
				GCC_WARN_UNUSED_VARIABLE = YES;
				LOCALIZATION_PREFERS_STRING_CATALOGS = YES;
				MTL_ENABLE_DEBUG_INFO = INCLUDE_SOURCE;
				MTL_FAST_MATH = YES;
				ONLY_ACTIVE_ARCH = YES;
				SWIFT_ACTIVE_COMPILATION_CONDITIONS = "DEBUG $(inherited)";
				SWIFT_OPTIMIZATION_LEVEL = "-Onone";
			};
			name = Debug;
		};
		263A6E202C46BAD600830CD5 /* Release */ = {
			isa = XCBuildConfiguration;
			buildSettings = {
				ALWAYS_SEARCH_USER_PATHS = NO;
				ASSETCATALOG_COMPILER_GENERATE_SWIFT_ASSET_SYMBOL_EXTENSIONS = YES;
				CLANG_ANALYZER_NONNULL = YES;
				CLANG_ANALYZER_NUMBER_OBJECT_CONVERSION = YES_AGGRESSIVE;
				CLANG_CXX_LANGUAGE_STANDARD = "gnu++20";
				CLANG_ENABLE_MODULES = YES;
				CLANG_ENABLE_OBJC_ARC = YES;
				CLANG_ENABLE_OBJC_WEAK = YES;
				CLANG_WARN_BLOCK_CAPTURE_AUTORELEASING = YES;
				CLANG_WARN_BOOL_CONVERSION = YES;
				CLANG_WARN_COMMA = YES;
				CLANG_WARN_CONSTANT_CONVERSION = YES;
				CLANG_WARN_DEPRECATED_OBJC_IMPLEMENTATIONS = YES;
				CLANG_WARN_DIRECT_OBJC_ISA_USAGE = YES_ERROR;
				CLANG_WARN_DOCUMENTATION_COMMENTS = YES;
				CLANG_WARN_EMPTY_BODY = YES;
				CLANG_WARN_ENUM_CONVERSION = YES;
				CLANG_WARN_INFINITE_RECURSION = YES;
				CLANG_WARN_INT_CONVERSION = YES;
				CLANG_WARN_NON_LITERAL_NULL_CONVERSION = YES;
				CLANG_WARN_OBJC_IMPLICIT_RETAIN_SELF = YES;
				CLANG_WARN_OBJC_LITERAL_CONVERSION = YES;
				CLANG_WARN_OBJC_ROOT_CLASS = YES_ERROR;
				CLANG_WARN_QUOTED_INCLUDE_IN_FRAMEWORK_HEADER = YES;
				CLANG_WARN_RANGE_LOOP_ANALYSIS = YES;
				CLANG_WARN_STRICT_PROTOTYPES = YES;
				CLANG_WARN_SUSPICIOUS_MOVE = YES;
				CLANG_WARN_UNGUARDED_AVAILABILITY = YES_AGGRESSIVE;
				CLANG_WARN_UNREACHABLE_CODE = YES;
				CLANG_WARN__DUPLICATE_METHOD_MATCH = YES;
				COPY_PHASE_STRIP = NO;
				DEBUG_INFORMATION_FORMAT = "dwarf-with-dsym";
				ENABLE_NS_ASSERTIONS = NO;
				ENABLE_STRICT_OBJC_MSGSEND = YES;
				ENABLE_USER_SCRIPT_SANDBOXING = YES;
				GCC_C_LANGUAGE_STANDARD = gnu17;
				GCC_NO_COMMON_BLOCKS = YES;
				GCC_WARN_64_TO_32_BIT_CONVERSION = YES;
				GCC_WARN_ABOUT_RETURN_TYPE = YES_ERROR;
				GCC_WARN_UNDECLARED_SELECTOR = YES;
				GCC_WARN_UNINITIALIZED_AUTOS = YES_AGGRESSIVE;
				GCC_WARN_UNUSED_FUNCTION = YES;
				GCC_WARN_UNUSED_VARIABLE = YES;
				LOCALIZATION_PREFERS_STRING_CATALOGS = YES;
				MTL_ENABLE_DEBUG_INFO = NO;
				MTL_FAST_MATH = YES;
				ONLY_ACTIVE_ARCH = NO;
				SWIFT_COMPILATION_MODE = wholemodule;
			};
			name = Release;
		};
		263A6E222C46BAD600830CD5 /* Debug */ = {
			isa = XCBuildConfiguration;
			buildSettings = {
				ASSETCATALOG_COMPILER_APPICON_NAME = AppIcon;
				ASSETCATALOG_COMPILER_GLOBAL_ACCENT_COLOR_NAME = AccentColor;
				CODE_SIGN_ENTITLEMENTS = "Bili-Swift/Bili_Swift.entitlements";
				CODE_SIGN_STYLE = Automatic;
				CURRENT_PROJECT_VERSION = 1;
				DEVELOPMENT_ASSET_PATHS = "\"Bili-Swift/Preview Content\"";
				DEVELOPMENT_TEAM = 7PDM8RVDK9;
				ENABLE_HARDENED_RUNTIME = YES;
				ENABLE_PREVIEWS = YES;
				GENERATE_INFOPLIST_FILE = YES;
				INFOPLIST_FILE = "Bili-Swift/Info.plist";
				"INFOPLIST_KEY_UIApplicationSceneManifest_Generation[sdk=iphoneos*]" = YES;
				"INFOPLIST_KEY_UIApplicationSceneManifest_Generation[sdk=iphonesimulator*]" = YES;
				"INFOPLIST_KEY_UIApplicationSupportsIndirectInputEvents[sdk=iphoneos*]" = YES;
				"INFOPLIST_KEY_UIApplicationSupportsIndirectInputEvents[sdk=iphonesimulator*]" = YES;
				"INFOPLIST_KEY_UILaunchScreen_Generation[sdk=iphoneos*]" = YES;
				"INFOPLIST_KEY_UILaunchScreen_Generation[sdk=iphonesimulator*]" = YES;
				"INFOPLIST_KEY_UIStatusBarStyle[sdk=iphoneos*]" = UIStatusBarStyleDefault;
				"INFOPLIST_KEY_UIStatusBarStyle[sdk=iphonesimulator*]" = UIStatusBarStyleDefault;
				INFOPLIST_KEY_UISupportedInterfaceOrientations_iPad = "UIInterfaceOrientationPortrait UIInterfaceOrientationPortraitUpsideDown UIInterfaceOrientationLandscapeLeft UIInterfaceOrientationLandscapeRight";
				INFOPLIST_KEY_UISupportedInterfaceOrientations_iPhone = "UIInterfaceOrientationPortrait UIInterfaceOrientationLandscapeLeft UIInterfaceOrientationLandscapeRight";
				IPHONEOS_DEPLOYMENT_TARGET = 17.5;
				LD_RUNPATH_SEARCH_PATHS = "@executable_path/Frameworks";
				"LD_RUNPATH_SEARCH_PATHS[sdk=macosx*]" = "@executable_path/../Frameworks";
				MACOSX_DEPLOYMENT_TARGET = 14.5;
				MARKETING_VERSION = 0.0.1;
				PRODUCT_BUNDLE_IDENTIFIER = "me.zzhhoo.Bili-Swift";
				PRODUCT_NAME = "$(TARGET_NAME)";
				SDKROOT = auto;
				SUPPORTED_PLATFORMS = "iphoneos iphonesimulator macosx";
				SWIFT_EMIT_LOC_STRINGS = YES;
				SWIFT_VERSION = 5.0;
				TARGETED_DEVICE_FAMILY = "1,2";
			};
			name = Debug;
		};
		263A6E232C46BAD600830CD5 /* Release */ = {
			isa = XCBuildConfiguration;
			buildSettings = {
				ASSETCATALOG_COMPILER_APPICON_NAME = AppIcon;
				ASSETCATALOG_COMPILER_GLOBAL_ACCENT_COLOR_NAME = AccentColor;
				CODE_SIGN_ENTITLEMENTS = "Bili-Swift/Bili_Swift.entitlements";
				CODE_SIGN_STYLE = Automatic;
				CURRENT_PROJECT_VERSION = 1;
				DEVELOPMENT_ASSET_PATHS = "\"Bili-Swift/Preview Content\"";
				DEVELOPMENT_TEAM = 7PDM8RVDK9;
				ENABLE_HARDENED_RUNTIME = YES;
				ENABLE_PREVIEWS = YES;
				GENERATE_INFOPLIST_FILE = YES;
				INFOPLIST_FILE = "Bili-Swift/Info.plist";
				"INFOPLIST_KEY_UIApplicationSceneManifest_Generation[sdk=iphoneos*]" = YES;
				"INFOPLIST_KEY_UIApplicationSceneManifest_Generation[sdk=iphonesimulator*]" = YES;
				"INFOPLIST_KEY_UIApplicationSupportsIndirectInputEvents[sdk=iphoneos*]" = YES;
				"INFOPLIST_KEY_UIApplicationSupportsIndirectInputEvents[sdk=iphonesimulator*]" = YES;
				"INFOPLIST_KEY_UILaunchScreen_Generation[sdk=iphoneos*]" = YES;
				"INFOPLIST_KEY_UILaunchScreen_Generation[sdk=iphonesimulator*]" = YES;
				"INFOPLIST_KEY_UIStatusBarStyle[sdk=iphoneos*]" = UIStatusBarStyleDefault;
				"INFOPLIST_KEY_UIStatusBarStyle[sdk=iphonesimulator*]" = UIStatusBarStyleDefault;
				INFOPLIST_KEY_UISupportedInterfaceOrientations_iPad = "UIInterfaceOrientationPortrait UIInterfaceOrientationPortraitUpsideDown UIInterfaceOrientationLandscapeLeft UIInterfaceOrientationLandscapeRight";
				INFOPLIST_KEY_UISupportedInterfaceOrientations_iPhone = "UIInterfaceOrientationPortrait UIInterfaceOrientationLandscapeLeft UIInterfaceOrientationLandscapeRight";
				IPHONEOS_DEPLOYMENT_TARGET = 17.5;
				LD_RUNPATH_SEARCH_PATHS = "@executable_path/Frameworks";
				"LD_RUNPATH_SEARCH_PATHS[sdk=macosx*]" = "@executable_path/../Frameworks";
				MACOSX_DEPLOYMENT_TARGET = 14.5;
				MARKETING_VERSION = 0.0.1;
				PRODUCT_BUNDLE_IDENTIFIER = "me.zzhhoo.Bili-Swift";
				PRODUCT_NAME = "$(TARGET_NAME)";
				SDKROOT = auto;
				SUPPORTED_PLATFORMS = "iphoneos iphonesimulator macosx";
				SWIFT_EMIT_LOC_STRINGS = YES;
				SWIFT_VERSION = 5.0;
				TARGETED_DEVICE_FAMILY = "1,2";
			};
			name = Release;
		};
/* End XCBuildConfiguration section */

/* Begin XCConfigurationList section */
		263A6E0D2C46BAD400830CD5 /* Build configuration list for PBXProject "Bili-Swift" */ = {
			isa = XCConfigurationList;
			buildConfigurations = (
				263A6E1F2C46BAD600830CD5 /* Debug */,
				263A6E202C46BAD600830CD5 /* Release */,
			);
			defaultConfigurationIsVisible = 0;
			defaultConfigurationName = Release;
		};
		263A6E212C46BAD600830CD5 /* Build configuration list for PBXNativeTarget "Bili-Swift" */ = {
			isa = XCConfigurationList;
			buildConfigurations = (
				263A6E222C46BAD600830CD5 /* Debug */,
				263A6E232C46BAD600830CD5 /* Release */,
			);
			defaultConfigurationIsVisible = 0;
			defaultConfigurationName = Release;
		};
/* End XCConfigurationList section */

/* Begin XCRemoteSwiftPackageReference section */
		263A6E242C46BB0100830CD5 /* XCRemoteSwiftPackageReference "Alamofire" */ = {
			isa = XCRemoteSwiftPackageReference;
			repositoryURL = "https://github.com/Alamofire/Alamofire";
			requirement = {
				kind = upToNextMajorVersion;
				minimumVersion = 5.9.1;
			};
		};
		263A6E272C46BB2500830CD5 /* XCRemoteSwiftPackageReference "SwiftUtils" */ = {
			isa = XCRemoteSwiftPackageReference;
			repositoryURL = "https://github.com/zhihaofans/SwiftUtils";
			requirement = {
				branch = main;
				kind = branch;
			};
		};
/* End XCRemoteSwiftPackageReference section */

/* Begin XCSwiftPackageProductDependency section */
		263A6E252C46BB0100830CD5 /* Alamofire */ = {
			isa = XCSwiftPackageProductDependency;
			package = 263A6E242C46BB0100830CD5 /* XCRemoteSwiftPackageReference "Alamofire" */;
			productName = Alamofire;
		};
		263A6E282C46BB2500830CD5 /* SwiftUtils */ = {
			isa = XCSwiftPackageProductDependency;
			package = 263A6E272C46BB2500830CD5 /* XCRemoteSwiftPackageReference "SwiftUtils" */;
			productName = SwiftUtils;
		};
/* End XCSwiftPackageProductDependency section */
	};
	rootObject = 263A6E0A2C46BAD400830CD5 /* Project object */;
}
